{
  "version": 4,
  "terraform_version": "1.2.0",
  "serial": 326,
  "lineage": "574d39de-5d4a-2291-8598-7bb09eb5dc88",
  "outputs": {},
  "resources": [
    {
      "module": "module.ec2",
      "mode": "data",
      "type": "aws_ami",
      "name": "ubuntu",
      "provider": "provider[\"registry.terraform.io/hashicorp/aws\"]",
      "instances": [
        {
          "schema_version": 0,
          "attributes": {
            "architecture": "x86_64",
            "arn": "arn:aws:ec2:eu-central-1::image/ami-04aa66cdfe687d427",
            "block_device_mappings": [
              {
                "device_name": "/dev/sda1",
                "ebs": {
                  "delete_on_termination": "true",
                  "encrypted": "false",
                  "iops": "0",
                  "snapshot_id": "snap-098957b179f025f35",
                  "throughput": "0",
                  "volume_size": "8",
                  "volume_type": "gp2"
                },
                "no_device": "",
                "virtual_name": ""
              },
              {
                "device_name": "/dev/sdb",
                "ebs": {},
                "no_device": "",
                "virtual_name": "ephemeral0"
              },
              {
                "device_name": "/dev/sdc",
                "ebs": {},
                "no_device": "",
                "virtual_name": "ephemeral1"
              }
            ],
            "boot_mode": "",
            "creation_date": "2022-05-06T15:42:30.000Z",
            "deprecation_time": "2024-05-06T15:42:30.000Z",
            "description": "Canonical, Ubuntu, 22.04 LTS, amd64 jammy image build on 2022-05-06",
            "ena_support": true,
            "executable_users": null,
            "filter": [
              {
                "name": "name",
                "values": [
                  "ubuntu/images/hvm-ssd/ubuntu-jammy-22.04-amd64-server*"
                ]
              },
              {
                "name": "virtualization-type",
                "values": [
                  "hvm"
                ]
              }
            ],
            "hypervisor": "xen",
            "id": "ami-04aa66cdfe687d427",
            "image_id": "ami-04aa66cdfe687d427",
            "image_location": "099720109477/ubuntu/images/hvm-ssd/ubuntu-jammy-22.04-amd64-server-20220506",
            "image_owner_alias": "",
            "image_type": "machine",
            "kernel_id": "",
            "most_recent": true,
            "name": "ubuntu/images/hvm-ssd/ubuntu-jammy-22.04-amd64-server-20220506",
            "name_regex": null,
            "owner_id": "099720109477",
            "owners": [
              "099720109477"
            ],
            "platform": "",
            "platform_details": "Linux/UNIX",
            "product_codes": [],
            "public": true,
            "ramdisk_id": "",
            "root_device_name": "/dev/sda1",
            "root_device_type": "ebs",
            "root_snapshot_id": "snap-098957b179f025f35",
            "sriov_net_support": "simple",
            "state": "available",
            "state_reason": {
              "code": "UNSET",
              "message": "UNSET"
            },
            "tags": {},
            "usage_operation": "RunInstances",
            "virtualization_type": "hvm"
          },
          "sensitive_attributes": []
        }
      ]
    },
    {
      "module": "module.ec2",
      "mode": "managed",
      "type": "aws_instance",
      "name": "ec2_private",
      "provider": "provider[\"registry.terraform.io/hashicorp/aws\"]",
      "instances": [
        {
          "schema_version": 1,
          "attributes": {
            "ami": "ami-04aa66cdfe687d427",
            "arn": "arn:aws:ec2:eu-central-1:994168006738:instance/i-0bc56ccb95e6bd5ef",
            "associate_public_ip_address": false,
            "availability_zone": "eu-central-1b",
            "capacity_reservation_specification": [
              {
                "capacity_reservation_preference": "open",
                "capacity_reservation_target": []
              }
            ],
            "cpu_core_count": 1,
            "cpu_threads_per_core": 1,
            "credit_specification": [
              {
                "cpu_credits": "standard"
              }
            ],
            "disable_api_termination": false,
            "ebs_block_device": [],
            "ebs_optimized": false,
            "enclave_options": [
              {
                "enabled": false
              }
            ],
            "ephemeral_block_device": [],
            "get_password_data": false,
            "hibernation": false,
            "host_id": null,
            "iam_instance_profile": "",
            "id": "i-0bc56ccb95e6bd5ef",
            "instance_initiated_shutdown_behavior": "stop",
            "instance_state": "running",
            "instance_type": "t2.micro",
            "ipv6_address_count": 0,
            "ipv6_addresses": [],
            "key_name": "iooding-key",
            "launch_template": [],
            "maintenance_options": [
              {
                "auto_recovery": "default"
              }
            ],
            "metadata_options": [
              {
                "http_endpoint": "enabled",
                "http_put_response_hop_limit": 1,
                "http_tokens": "optional",
                "instance_metadata_tags": "disabled"
              }
            ],
            "monitoring": false,
            "network_interface": [],
            "outpost_arn": "",
            "password_data": "",
            "placement_group": "",
            "placement_partition_number": null,
            "primary_network_interface_id": "eni-0132c0b93cb0e80b5",
            "private_dns": "ip-10-0-2-174.eu-central-1.compute.internal",
            "private_ip": "10.0.2.174",
            "public_dns": "",
            "public_ip": "",
            "root_block_device": [
              {
                "delete_on_termination": true,
                "device_name": "/dev/sda1",
                "encrypted": false,
                "iops": 100,
                "kms_key_id": "",
                "tags": {},
                "throughput": 0,
                "volume_id": "vol-0cde20cf57e80d800",
                "volume_size": 8,
                "volume_type": "gp2"
              }
            ],
            "secondary_private_ips": [],
            "security_groups": [],
            "source_dest_check": true,
            "subnet_id": "subnet-0986bb8fdbd0bcfc3",
            "tags": {
              "Name": "iooding-EC2-PRIVATE"
            },
            "tags_all": {
              "Name": "iooding-EC2-PRIVATE"
            },
            "tenancy": "default",
            "timeouts": null,
            "user_data": null,
            "user_data_base64": null,
            "user_data_replace_on_change": false,
            "volume_tags": null,
            "vpc_security_group_ids": [
              "sg-0bb5aba8182b94a3e"
            ]
          },
          "sensitive_attributes": [],
          "private": "eyJlMmJmYjczMC1lY2FhLTExZTYtOGY4OC0zNDM2M2JjN2M0YzAiOnsiY3JlYXRlIjo2MDAwMDAwMDAwMDAsImRlbGV0ZSI6MTIwMDAwMDAwMDAwMCwidXBkYXRlIjo2MDAwMDAwMDAwMDB9LCJzY2hlbWFfdmVyc2lvbiI6IjEifQ==",
          "dependencies": [
            "module.ec2.data.aws_ami.ubuntu",
            "module.networking.aws_security_group.allow_ssh_priv",
            "module.networking.data.aws_availability_zones.available",
            "module.networking.module.vpc.aws_cloudwatch_log_group.flow_log",
            "module.networking.module.vpc.aws_customer_gateway.this",
            "module.networking.module.vpc.aws_db_subnet_group.database",
            "module.networking.module.vpc.aws_default_network_acl.this",
            "module.networking.module.vpc.aws_default_route_table.default",
            "module.networking.module.vpc.aws_default_security_group.this",
            "module.networking.module.vpc.aws_default_vpc.this",
            "module.networking.module.vpc.aws_egress_only_internet_gateway.this",
            "module.networking.module.vpc.aws_eip.nat",
            "module.networking.module.vpc.aws_elasticache_subnet_group.elasticache",
            "module.networking.module.vpc.aws_flow_log.this",
            "module.networking.module.vpc.aws_iam_policy.vpc_flow_log_cloudwatch",
            "module.networking.module.vpc.aws_iam_role.vpc_flow_log_cloudwatch",
            "module.networking.module.vpc.aws_iam_role_policy_attachment.vpc_flow_log_cloudwatch",
            "module.networking.module.vpc.aws_internet_gateway.this",
            "module.networking.module.vpc.aws_nat_gateway.this",
            "module.networking.module.vpc.aws_network_acl.database",
            "module.networking.module.vpc.aws_network_acl.elasticache",
            "module.networking.module.vpc.aws_network_acl.intra",
            "module.networking.module.vpc.aws_network_acl.outpost",
            "module.networking.module.vpc.aws_network_acl.private",
            "module.networking.module.vpc.aws_network_acl.public",
            "module.networking.module.vpc.aws_network_acl.redshift",
            "module.networking.module.vpc.aws_network_acl_rule.database_inbound",
            "module.networking.module.vpc.aws_network_acl_rule.database_outbound",
            "module.networking.module.vpc.aws_network_acl_rule.elasticache_inbound",
            "module.networking.module.vpc.aws_network_acl_rule.elasticache_outbound",
            "module.networking.module.vpc.aws_network_acl_rule.intra_inbound",
            "module.networking.module.vpc.aws_network_acl_rule.intra_outbound",
            "module.networking.module.vpc.aws_network_acl_rule.outpost_inbound",
            "module.networking.module.vpc.aws_network_acl_rule.outpost_outbound",
            "module.networking.module.vpc.aws_network_acl_rule.private_inbound",
            "module.networking.module.vpc.aws_network_acl_rule.private_outbound",
            "module.networking.module.vpc.aws_network_acl_rule.public_inbound",
            "module.networking.module.vpc.aws_network_acl_rule.public_outbound",
            "module.networking.module.vpc.aws_network_acl_rule.redshift_inbound",
            "module.networking.module.vpc.aws_network_acl_rule.redshift_outbound",
            "module.networking.module.vpc.aws_redshift_subnet_group.redshift",
            "module.networking.module.vpc.aws_route.database_internet_gateway",
            "module.networking.module.vpc.aws_route.database_ipv6_egress",
            "module.networking.module.vpc.aws_route.database_nat_gateway",
            "module.networking.module.vpc.aws_route.private_ipv6_egress",
            "module.networking.module.vpc.aws_route.private_nat_gateway",
            "module.networking.module.vpc.aws_route.public_internet_gateway",
            "module.networking.module.vpc.aws_route.public_internet_gateway_ipv6",
            "module.networking.module.vpc.aws_route_table.database",
            "module.networking.module.vpc.aws_route_table.elasticache",
            "module.networking.module.vpc.aws_route_table.intra",
            "module.networking.module.vpc.aws_route_table.private",
            "module.networking.module.vpc.aws_route_table.public",
            "module.networking.module.vpc.aws_route_table.redshift",
            "module.networking.module.vpc.aws_route_table_association.database",
            "module.networking.module.vpc.aws_route_table_association.elasticache",
            "module.networking.module.vpc.aws_route_table_association.intra",
            "module.networking.module.vpc.aws_route_table_association.outpost",
            "module.networking.module.vpc.aws_route_table_association.private",
            "module.networking.module.vpc.aws_route_table_association.public",
            "module.networking.module.vpc.aws_route_table_association.redshift",
            "module.networking.module.vpc.aws_route_table_association.redshift_public",
            "module.networking.module.vpc.aws_subnet.database",
            "module.networking.module.vpc.aws_subnet.elasticache",
            "module.networking.module.vpc.aws_subnet.intra",
            "module.networking.module.vpc.aws_subnet.outpost",
            "module.networking.module.vpc.aws_subnet.private",
            "module.networking.module.vpc.aws_subnet.public",
            "module.networking.module.vpc.aws_subnet.redshift",
            "module.networking.module.vpc.aws_vpc.this",
            "module.networking.module.vpc.aws_vpc_dhcp_options.this",
            "module.networking.module.vpc.aws_vpc_dhcp_options_association.this",
            "module.networking.module.vpc.aws_vpc_ipv4_cidr_block_association.this",
            "module.networking.module.vpc.aws_vpn_gateway.this",
            "module.networking.module.vpc.aws_vpn_gateway_attachment.this",
            "module.networking.module.vpc.aws_vpn_gateway_route_propagation.intra",
            "module.networking.module.vpc.aws_vpn_gateway_route_propagation.private",
            "module.networking.module.vpc.aws_vpn_gateway_route_propagation.public",
            "module.networking.module.vpc.data.aws_iam_policy_document.flow_log_cloudwatch_assume_role",
            "module.networking.module.vpc.data.aws_iam_policy_document.vpc_flow_log_cloudwatch",
            "module.ssh-key.aws_key_pair.key_pair"
          ]
        }
      ]
    },
    {
      "module": "module.ec2",
      "mode": "managed",
      "type": "aws_instance",
      "name": "ec2_public",
      "provider": "provider[\"registry.terraform.io/hashicorp/aws\"]",
      "instances": [
        {
          "schema_version": 1,
          "attributes": {
            "ami": "ami-04aa66cdfe687d427",
            "arn": "arn:aws:ec2:eu-central-1:994168006738:instance/i-0b1e14be620252782",
            "associate_public_ip_address": true,
            "availability_zone": "eu-central-1a",
            "capacity_reservation_specification": [
              {
                "capacity_reservation_preference": "open",
                "capacity_reservation_target": []
              }
            ],
            "cpu_core_count": 1,
            "cpu_threads_per_core": 1,
            "credit_specification": [
              {
                "cpu_credits": "standard"
              }
            ],
            "disable_api_termination": false,
            "ebs_block_device": [],
            "ebs_optimized": false,
            "enclave_options": [
              {
                "enabled": false
              }
            ],
            "ephemeral_block_device": [],
            "get_password_data": false,
            "hibernation": false,
            "host_id": null,
            "iam_instance_profile": "",
            "id": "i-0b1e14be620252782",
            "instance_initiated_shutdown_behavior": "stop",
            "instance_state": "running",
            "instance_type": "t2.micro",
            "ipv6_address_count": 0,
            "ipv6_addresses": [],
            "key_name": "iooding-key",
            "launch_template": [],
            "maintenance_options": [
              {
                "auto_recovery": "default"
              }
            ],
            "metadata_options": [
              {
                "http_endpoint": "enabled",
                "http_put_response_hop_limit": 1,
                "http_tokens": "optional",
                "instance_metadata_tags": "disabled"
              }
            ],
            "monitoring": false,
            "network_interface": [],
            "outpost_arn": "",
            "password_data": "",
            "placement_group": "",
            "placement_partition_number": null,
            "primary_network_interface_id": "eni-061881e5aa3f818ac",
            "private_dns": "ip-10-0-101-36.eu-central-1.compute.internal",
            "private_ip": "10.0.101.36",
            "public_dns": "ec2-3-68-187-216.eu-central-1.compute.amazonaws.com",
            "public_ip": "3.68.187.216",
            "root_block_device": [
              {
                "delete_on_termination": true,
                "device_name": "/dev/sda1",
                "encrypted": false,
                "iops": 100,
                "kms_key_id": "",
                "tags": {},
                "throughput": 0,
                "volume_id": "vol-09ee8f32128cae312",
                "volume_size": 8,
                "volume_type": "gp2"
              }
            ],
            "secondary_private_ips": [],
            "security_groups": [],
            "source_dest_check": true,
            "subnet_id": "subnet-0a895843a0608f85a",
            "tags": {
              "Name": "iooding-EC2-PUBLIC"
            },
            "tags_all": {
              "Name": "iooding-EC2-PUBLIC"
            },
            "tenancy": "default",
            "timeouts": null,
            "user_data": null,
            "user_data_base64": null,
            "user_data_replace_on_change": false,
            "volume_tags": null,
            "vpc_security_group_ids": [
              "sg-027e32a714aa0781e"
            ]
          },
          "sensitive_attributes": [],
          "private": "eyJlMmJmYjczMC1lY2FhLTExZTYtOGY4OC0zNDM2M2JjN2M0YzAiOnsiY3JlYXRlIjo2MDAwMDAwMDAwMDAsImRlbGV0ZSI6MTIwMDAwMDAwMDAwMCwidXBkYXRlIjo2MDAwMDAwMDAwMDB9LCJzY2hlbWFfdmVyc2lvbiI6IjEifQ==",
          "dependencies": [
            "module.ec2.data.aws_ami.ubuntu",
            "module.networking.aws_security_group.allow_ssh_pub",
            "module.networking.data.aws_availability_zones.available",
            "module.networking.module.vpc.aws_cloudwatch_log_group.flow_log",
            "module.networking.module.vpc.aws_customer_gateway.this",
            "module.networking.module.vpc.aws_db_subnet_group.database",
            "module.networking.module.vpc.aws_default_network_acl.this",
            "module.networking.module.vpc.aws_default_route_table.default",
            "module.networking.module.vpc.aws_default_security_group.this",
            "module.networking.module.vpc.aws_default_vpc.this",
            "module.networking.module.vpc.aws_egress_only_internet_gateway.this",
            "module.networking.module.vpc.aws_eip.nat",
            "module.networking.module.vpc.aws_elasticache_subnet_group.elasticache",
            "module.networking.module.vpc.aws_flow_log.this",
            "module.networking.module.vpc.aws_iam_policy.vpc_flow_log_cloudwatch",
            "module.networking.module.vpc.aws_iam_role.vpc_flow_log_cloudwatch",
            "module.networking.module.vpc.aws_iam_role_policy_attachment.vpc_flow_log_cloudwatch",
            "module.networking.module.vpc.aws_internet_gateway.this",
            "module.networking.module.vpc.aws_nat_gateway.this",
            "module.networking.module.vpc.aws_network_acl.database",
            "module.networking.module.vpc.aws_network_acl.elasticache",
            "module.networking.module.vpc.aws_network_acl.intra",
            "module.networking.module.vpc.aws_network_acl.outpost",
            "module.networking.module.vpc.aws_network_acl.private",
            "module.networking.module.vpc.aws_network_acl.public",
            "module.networking.module.vpc.aws_network_acl.redshift",
            "module.networking.module.vpc.aws_network_acl_rule.database_inbound",
            "module.networking.module.vpc.aws_network_acl_rule.database_outbound",
            "module.networking.module.vpc.aws_network_acl_rule.elasticache_inbound",
            "module.networking.module.vpc.aws_network_acl_rule.elasticache_outbound",
            "module.networking.module.vpc.aws_network_acl_rule.intra_inbound",
            "module.networking.module.vpc.aws_network_acl_rule.intra_outbound",
            "module.networking.module.vpc.aws_network_acl_rule.outpost_inbound",
            "module.networking.module.vpc.aws_network_acl_rule.outpost_outbound",
            "module.networking.module.vpc.aws_network_acl_rule.private_inbound",
            "module.networking.module.vpc.aws_network_acl_rule.private_outbound",
            "module.networking.module.vpc.aws_network_acl_rule.public_inbound",
            "module.networking.module.vpc.aws_network_acl_rule.public_outbound",
            "module.networking.module.vpc.aws_network_acl_rule.redshift_inbound",
            "module.networking.module.vpc.aws_network_acl_rule.redshift_outbound",
            "module.networking.module.vpc.aws_redshift_subnet_group.redshift",
            "module.networking.module.vpc.aws_route.database_internet_gateway",
            "module.networking.module.vpc.aws_route.database_ipv6_egress",
            "module.networking.module.vpc.aws_route.database_nat_gateway",
            "module.networking.module.vpc.aws_route.private_ipv6_egress",
            "module.networking.module.vpc.aws_route.private_nat_gateway",
            "module.networking.module.vpc.aws_route.public_internet_gateway",
            "module.networking.module.vpc.aws_route.public_internet_gateway_ipv6",
            "module.networking.module.vpc.aws_route_table.database",
            "module.networking.module.vpc.aws_route_table.elasticache",
            "module.networking.module.vpc.aws_route_table.intra",
            "module.networking.module.vpc.aws_route_table.private",
            "module.networking.module.vpc.aws_route_table.public",
            "module.networking.module.vpc.aws_route_table.redshift",
            "module.networking.module.vpc.aws_route_table_association.database",
            "module.networking.module.vpc.aws_route_table_association.elasticache",
            "module.networking.module.vpc.aws_route_table_association.intra",
            "module.networking.module.vpc.aws_route_table_association.outpost",
            "module.networking.module.vpc.aws_route_table_association.private",
            "module.networking.module.vpc.aws_route_table_association.public",
            "module.networking.module.vpc.aws_route_table_association.redshift",
            "module.networking.module.vpc.aws_route_table_association.redshift_public",
            "module.networking.module.vpc.aws_subnet.database",
            "module.networking.module.vpc.aws_subnet.elasticache",
            "module.networking.module.vpc.aws_subnet.intra",
            "module.networking.module.vpc.aws_subnet.outpost",
            "module.networking.module.vpc.aws_subnet.private",
            "module.networking.module.vpc.aws_subnet.public",
            "module.networking.module.vpc.aws_subnet.redshift",
            "module.networking.module.vpc.aws_vpc.this",
            "module.networking.module.vpc.aws_vpc_dhcp_options.this",
            "module.networking.module.vpc.aws_vpc_dhcp_options_association.this",
            "module.networking.module.vpc.aws_vpc_ipv4_cidr_block_association.this",
            "module.networking.module.vpc.aws_vpn_gateway.this",
            "module.networking.module.vpc.aws_vpn_gateway_attachment.this",
            "module.networking.module.vpc.aws_vpn_gateway_route_propagation.intra",
            "module.networking.module.vpc.aws_vpn_gateway_route_propagation.private",
            "module.networking.module.vpc.aws_vpn_gateway_route_propagation.public",
            "module.networking.module.vpc.data.aws_iam_policy_document.flow_log_cloudwatch_assume_role",
            "module.networking.module.vpc.data.aws_iam_policy_document.vpc_flow_log_cloudwatch",
            "module.ssh-key.aws_key_pair.key_pair",
            "module.ssh-key.tls_private_key.key"
          ]
        }
      ]
    },
    {
      "module": "module.networking",
      "mode": "data",
      "type": "aws_availability_zones",
      "name": "available",
      "provider": "provider[\"registry.terraform.io/hashicorp/aws\"]",
      "instances": [
        {
          "schema_version": 0,
          "attributes": {
            "all_availability_zones": null,
            "exclude_names": null,
            "exclude_zone_ids": null,
            "filter": null,
            "group_names": [
              "eu-central-1"
            ],
            "id": "eu-central-1",
            "names": [
              "eu-central-1a",
              "eu-central-1b",
              "eu-central-1c"
            ],
            "state": null,
            "zone_ids": [
              "euc1-az2",
              "euc1-az3",
              "euc1-az1"
            ]
          },
          "sensitive_attributes": []
        }
      ]
    },
    {
      "module": "module.networking",
      "mode": "managed",
      "type": "aws_db_subnet_group",
      "name": "rds-sub-g",
      "provider": "provider[\"registry.terraform.io/hashicorp/aws\"]",
      "instances": [
        {
          "schema_version": 0,
          "attributes": {
            "arn": "arn:aws:rds:eu-central-1:994168006738:subgrp:iooding-rds-sub-g",
            "description": "Managed by Terraform",
            "id": "iooding-rds-sub-g",
            "name": "iooding-rds-sub-g",
            "name_prefix": null,
            "subnet_ids": [
              "subnet-0a895843a0608f85a",
              "subnet-0ceb1c7b3736c40e0"
            ],
            "tags": {
              "Name": "iooding-rds-sub-g"
            },
            "tags_all": {
              "Name": "iooding-rds-sub-g"
            }
          },
          "sensitive_attributes": [],
          "private": "bnVsbA==",
          "dependencies": [
            "module.networking.data.aws_availability_zones.available",
            "module.networking.module.vpc.aws_subnet.public",
            "module.networking.module.vpc.aws_vpc.this",
            "module.networking.module.vpc.aws_vpc_ipv4_cidr_block_association.this"
          ]
        }
      ]
    },
    {
      "module": "module.networking",
      "mode": "managed",
      "type": "aws_security_group",
      "name": "allow_ssh_priv",
      "provider": "provider[\"registry.terraform.io/hashicorp/aws\"]",
      "instances": [
        {
          "schema_version": 1,
          "attributes": {
            "arn": "arn:aws:ec2:eu-central-1:994168006738:security-group/sg-0bb5aba8182b94a3e",
            "description": "Allow SSH inbound traffic",
            "egress": [
              {
                "cidr_blocks": [
                  "0.0.0.0/0"
                ],
                "description": "",
                "from_port": 0,
                "ipv6_cidr_blocks": [],
                "prefix_list_ids": [],
                "protocol": "-1",
                "security_groups": [],
                "self": false,
                "to_port": 0
              }
            ],
            "id": "sg-0bb5aba8182b94a3e",
            "ingress": [
              {
                "cidr_blocks": [
                  "10.0.0.0/16"
                ],
                "description": "SSH only from internal VPC clients",
                "from_port": 22,
                "ipv6_cidr_blocks": [],
                "prefix_list_ids": [],
                "protocol": "tcp",
                "security_groups": [],
                "self": false,
                "to_port": 22
              }
            ],
            "name": "iooding-allow_ssh_priv",
            "name_prefix": "",
            "owner_id": "994168006738",
            "revoke_rules_on_delete": false,
            "tags": {
              "Name": "iooding-allow_ssh_priv"
            },
            "tags_all": {
              "Name": "iooding-allow_ssh_priv"
            },
            "timeouts": null,
            "vpc_id": "vpc-066835832eb67e3fc"
          },
          "sensitive_attributes": [],
          "private": "eyJlMmJmYjczMC1lY2FhLTExZTYtOGY4OC0zNDM2M2JjN2M0YzAiOnsiY3JlYXRlIjo2MDAwMDAwMDAwMDAsImRlbGV0ZSI6OTAwMDAwMDAwMDAwfSwic2NoZW1hX3ZlcnNpb24iOiIxIn0=",
          "dependencies": [
            "module.networking.module.vpc.aws_vpc.this"
          ]
        }
      ]
    },
    {
      "module": "module.networking",
      "mode": "managed",
      "type": "aws_security_group",
      "name": "allow_ssh_pub",
      "provider": "provider[\"registry.terraform.io/hashicorp/aws\"]",
      "instances": [
        {
          "schema_version": 1,
          "attributes": {
            "arn": "arn:aws:ec2:eu-central-1:994168006738:security-group/sg-027e32a714aa0781e",
            "description": "Allow SSH inbound traffic",
            "egress": [
              {
                "cidr_blocks": [
                  "0.0.0.0/0"
                ],
                "description": "",
                "from_port": 0,
                "ipv6_cidr_blocks": [],
                "prefix_list_ids": [],
                "protocol": "-1",
                "security_groups": [],
                "self": false,
                "to_port": 0
              }
            ],
            "id": "sg-027e32a714aa0781e",
            "ingress": [
              {
                "cidr_blocks": [
                  "0.0.0.0/0"
                ],
                "description": "SSH from the internet",
                "from_port": 22,
                "ipv6_cidr_blocks": [],
                "prefix_list_ids": [],
                "protocol": "tcp",
                "security_groups": [],
                "self": false,
                "to_port": 22
              }
            ],
            "name": "iooding-allow_ssh",
            "name_prefix": "",
            "owner_id": "994168006738",
            "revoke_rules_on_delete": false,
            "tags": {
              "Name": "iooding-allow_ssh_pub"
            },
            "tags_all": {
              "Name": "iooding-allow_ssh_pub"
            },
            "timeouts": null,
            "vpc_id": "vpc-066835832eb67e3fc"
          },
          "sensitive_attributes": [],
          "private": "eyJlMmJmYjczMC1lY2FhLTExZTYtOGY4OC0zNDM2M2JjN2M0YzAiOnsiY3JlYXRlIjo2MDAwMDAwMDAwMDAsImRlbGV0ZSI6OTAwMDAwMDAwMDAwfSwic2NoZW1hX3ZlcnNpb24iOiIxIn0=",
          "dependencies": [
            "module.networking.module.vpc.aws_vpc.this"
          ]
        }
      ]
    },
    {
      "module": "module.networking",
      "mode": "managed",
      "type": "aws_security_group",
      "name": "rds-sec-g",
      "provider": "provider[\"registry.terraform.io/hashicorp/aws\"]",
      "instances": [
        {
          "schema_version": 1,
          "attributes": {
            "arn": "arn:aws:ec2:eu-central-1:994168006738:security-group/sg-0761ab9174a34904e",
            "description": "Managed by Terraform",
            "egress": [
              {
                "cidr_blocks": [
                  "0.0.0.0/0"
                ],
                "description": "",
                "from_port": 5432,
                "ipv6_cidr_blocks": [],
                "prefix_list_ids": [],
                "protocol": "tcp",
                "security_groups": [],
                "self": false,
                "to_port": 5432
              }
            ],
            "id": "sg-0761ab9174a34904e",
            "ingress": [
              {
                "cidr_blocks": [
                  "0.0.0.0/0"
                ],
                "description": "",
                "from_port": 5432,
                "ipv6_cidr_blocks": [],
                "prefix_list_ids": [],
                "protocol": "tcp",
                "security_groups": [],
                "self": false,
                "to_port": 5432
              }
            ],
            "name": "iooding-rds-sec-g",
            "name_prefix": "",
            "owner_id": "994168006738",
            "revoke_rules_on_delete": false,
            "tags": {
              "Name": "iooding-rds-sec-g"
            },
            "tags_all": {
              "Name": "iooding-rds-sec-g"
            },
            "timeouts": null,
            "vpc_id": "vpc-066835832eb67e3fc"
          },
          "sensitive_attributes": [],
          "private": "eyJlMmJmYjczMC1lY2FhLTExZTYtOGY4OC0zNDM2M2JjN2M0YzAiOnsiY3JlYXRlIjo2MDAwMDAwMDAwMDAsImRlbGV0ZSI6OTAwMDAwMDAwMDAwfSwic2NoZW1hX3ZlcnNpb24iOiIxIn0=",
          "dependencies": [
            "module.networking.module.vpc.aws_vpc.this"
          ]
        }
      ]
    },
    {
      "module": "module.networking.module.vpc",
      "mode": "managed",
      "type": "aws_eip",
      "name": "nat",
      "provider": "provider[\"registry.terraform.io/hashicorp/aws\"]",
      "instances": [
        {
          "index_key": 0,
          "schema_version": 0,
          "attributes": {
            "address": null,
            "allocation_id": "eipalloc-06afae37d51fb99fe",
            "associate_with_private_ip": null,
            "association_id": "eipassoc-09ac1d72ca402edb4",
            "carrier_ip": "",
            "customer_owned_ip": "",
            "customer_owned_ipv4_pool": "",
            "domain": "vpc",
            "id": "eipalloc-06afae37d51fb99fe",
            "instance": "",
            "network_border_group": "eu-central-1",
            "network_interface": "eni-061cbd0cbcbef5395",
            "private_dns": "ip-10-0-101-121.eu-central-1.compute.internal",
            "private_ip": "10.0.101.121",
            "public_dns": "ec2-3-69-191-54.eu-central-1.compute.amazonaws.com",
            "public_ip": "3.69.191.54",
            "public_ipv4_pool": "amazon",
            "tags": {
              "Name": "iooding-vpc-eu-central-1a"
            },
            "tags_all": {
              "Name": "iooding-vpc-eu-central-1a"
            },
            "timeouts": null,
            "vpc": true
          },
          "sensitive_attributes": [],
          "private": "eyJlMmJmYjczMC1lY2FhLTExZTYtOGY4OC0zNDM2M2JjN2M0YzAiOnsiZGVsZXRlIjoxODAwMDAwMDAwMDAsInJlYWQiOjkwMDAwMDAwMDAwMCwidXBkYXRlIjozMDAwMDAwMDAwMDB9fQ==",
          "dependencies": [
            "module.networking.data.aws_availability_zones.available"
          ]
        }
      ]
    },
    {
      "module": "module.networking.module.vpc",
      "mode": "managed",
      "type": "aws_internet_gateway",
      "name": "this",
      "provider": "provider[\"registry.terraform.io/hashicorp/aws\"]",
      "instances": [
        {
          "index_key": 0,
          "schema_version": 0,
          "attributes": {
            "arn": "arn:aws:ec2:eu-central-1:994168006738:internet-gateway/igw-06efa49241d7a07bb",
            "id": "igw-06efa49241d7a07bb",
            "owner_id": "994168006738",
            "tags": {
              "Name": "iooding-vpc"
            },
            "tags_all": {
              "Name": "iooding-vpc"
            },
            "vpc_id": "vpc-066835832eb67e3fc"
          },
          "sensitive_attributes": [],
          "private": "bnVsbA==",
          "dependencies": [
            "module.networking.module.vpc.aws_vpc.this",
            "module.networking.module.vpc.aws_vpc_ipv4_cidr_block_association.this"
          ]
        }
      ]
    },
    {
      "module": "module.networking.module.vpc",
      "mode": "managed",
      "type": "aws_nat_gateway",
      "name": "this",
      "provider": "provider[\"registry.terraform.io/hashicorp/aws\"]",
      "instances": [
        {
          "index_key": 0,
          "schema_version": 0,
          "attributes": {
            "allocation_id": "eipalloc-06afae37d51fb99fe",
            "connectivity_type": "public",
            "id": "nat-00b3ff02f786835cf",
            "network_interface_id": "eni-061cbd0cbcbef5395",
            "private_ip": "10.0.101.121",
            "public_ip": "3.69.191.54",
            "subnet_id": "subnet-0a895843a0608f85a",
            "tags": {
              "Name": "iooding-vpc-eu-central-1a"
            },
            "tags_all": {
              "Name": "iooding-vpc-eu-central-1a"
            }
          },
          "sensitive_attributes": [],
          "private": "bnVsbA==",
          "dependencies": [
            "module.networking.data.aws_availability_zones.available",
            "module.networking.module.vpc.aws_eip.nat",
            "module.networking.module.vpc.aws_internet_gateway.this",
            "module.networking.module.vpc.aws_subnet.public",
            "module.networking.module.vpc.aws_vpc.this",
            "module.networking.module.vpc.aws_vpc_ipv4_cidr_block_association.this"
          ]
        }
      ]
    },
    {
      "module": "module.networking.module.vpc",
      "mode": "managed",
      "type": "aws_route",
      "name": "private_nat_gateway",
      "provider": "provider[\"registry.terraform.io/hashicorp/aws\"]",
      "instances": [
        {
          "index_key": 0,
          "schema_version": 0,
          "attributes": {
            "carrier_gateway_id": "",
            "core_network_arn": "",
            "destination_cidr_block": "0.0.0.0/0",
            "destination_ipv6_cidr_block": "",
            "destination_prefix_list_id": "",
            "egress_only_gateway_id": "",
            "gateway_id": "",
            "id": "r-rtb-0497ea656d71f85fd1080289494",
            "instance_id": "",
            "instance_owner_id": "",
            "local_gateway_id": "",
            "nat_gateway_id": "nat-00b3ff02f786835cf",
            "network_interface_id": "",
            "origin": "CreateRoute",
            "route_table_id": "rtb-0497ea656d71f85fd",
            "state": "active",
            "timeouts": {
              "create": "5m",
              "delete": null,
              "update": null
            },
            "transit_gateway_id": "",
            "vpc_endpoint_id": "",
            "vpc_peering_connection_id": ""
          },
          "sensitive_attributes": [],
          "private": "eyJlMmJmYjczMC1lY2FhLTExZTYtOGY4OC0zNDM2M2JjN2M0YzAiOnsiY3JlYXRlIjozMDAwMDAwMDAwMDAsImRlbGV0ZSI6MzAwMDAwMDAwMDAwLCJ1cGRhdGUiOjEyMDAwMDAwMDAwMH19",
          "dependencies": [
            "module.networking.data.aws_availability_zones.available",
            "module.networking.module.vpc.aws_eip.nat",
            "module.networking.module.vpc.aws_internet_gateway.this",
            "module.networking.module.vpc.aws_nat_gateway.this",
            "module.networking.module.vpc.aws_route_table.private",
            "module.networking.module.vpc.aws_subnet.public",
            "module.networking.module.vpc.aws_vpc.this",
            "module.networking.module.vpc.aws_vpc_ipv4_cidr_block_association.this"
          ]
        }
      ]
    },
    {
      "module": "module.networking.module.vpc",
      "mode": "managed",
      "type": "aws_route",
      "name": "public_internet_gateway",
      "provider": "provider[\"registry.terraform.io/hashicorp/aws\"]",
      "instances": [
        {
          "index_key": 0,
          "schema_version": 0,
          "attributes": {
            "carrier_gateway_id": "",
            "core_network_arn": "",
            "destination_cidr_block": "0.0.0.0/0",
            "destination_ipv6_cidr_block": "",
            "destination_prefix_list_id": "",
            "egress_only_gateway_id": "",
            "gateway_id": "igw-06efa49241d7a07bb",
            "id": "r-rtb-020821b1b2a60ae3b1080289494",
            "instance_id": "",
            "instance_owner_id": "",
            "local_gateway_id": "",
            "nat_gateway_id": "",
            "network_interface_id": "",
            "origin": "CreateRoute",
            "route_table_id": "rtb-020821b1b2a60ae3b",
            "state": "active",
            "timeouts": {
              "create": "5m",
              "delete": null,
              "update": null
            },
            "transit_gateway_id": "",
            "vpc_endpoint_id": "",
            "vpc_peering_connection_id": ""
          },
          "sensitive_attributes": [],
          "private": "eyJlMmJmYjczMC1lY2FhLTExZTYtOGY4OC0zNDM2M2JjN2M0YzAiOnsiY3JlYXRlIjozMDAwMDAwMDAwMDAsImRlbGV0ZSI6MzAwMDAwMDAwMDAwLCJ1cGRhdGUiOjEyMDAwMDAwMDAwMH19",
          "dependencies": [
            "module.networking.module.vpc.aws_internet_gateway.this",
            "module.networking.module.vpc.aws_route_table.public",
            "module.networking.module.vpc.aws_vpc.this",
            "module.networking.module.vpc.aws_vpc_ipv4_cidr_block_association.this"
          ]
        }
      ]
    },
    {
      "module": "module.networking.module.vpc",
      "mode": "managed",
      "type": "aws_route_table",
      "name": "private",
      "provider": "provider[\"registry.terraform.io/hashicorp/aws\"]",
      "instances": [
        {
          "index_key": 0,
          "schema_version": 0,
          "attributes": {
            "arn": "arn:aws:ec2:eu-central-1:994168006738:route-table/rtb-0497ea656d71f85fd",
            "id": "rtb-0497ea656d71f85fd",
            "owner_id": "994168006738",
            "propagating_vgws": [],
            "route": [
              {
                "carrier_gateway_id": "",
                "cidr_block": "0.0.0.0/0",
                "core_network_arn": "",
                "destination_prefix_list_id": "",
                "egress_only_gateway_id": "",
                "gateway_id": "",
                "instance_id": "",
                "ipv6_cidr_block": "",
                "local_gateway_id": "",
                "nat_gateway_id": "nat-00b3ff02f786835cf",
                "network_interface_id": "",
                "transit_gateway_id": "",
                "vpc_endpoint_id": "",
                "vpc_peering_connection_id": ""
              }
            ],
            "tags": {
              "Name": "iooding-vpc-private"
            },
            "tags_all": {
              "Name": "iooding-vpc-private"
            },
            "timeouts": null,
            "vpc_id": "vpc-066835832eb67e3fc"
          },
          "sensitive_attributes": [],
          "private": "eyJlMmJmYjczMC1lY2FhLTExZTYtOGY4OC0zNDM2M2JjN2M0YzAiOnsiY3JlYXRlIjozMDAwMDAwMDAwMDAsImRlbGV0ZSI6MzAwMDAwMDAwMDAwLCJ1cGRhdGUiOjEyMDAwMDAwMDAwMH19",
          "dependencies": [
            "module.networking.data.aws_availability_zones.available",
            "module.networking.module.vpc.aws_vpc.this",
            "module.networking.module.vpc.aws_vpc_ipv4_cidr_block_association.this"
          ]
        }
      ]
    },
    {
      "module": "module.networking.module.vpc",
      "mode": "managed",
      "type": "aws_route_table",
      "name": "public",
      "provider": "provider[\"registry.terraform.io/hashicorp/aws\"]",
      "instances": [
        {
          "index_key": 0,
          "schema_version": 0,
          "attributes": {
            "arn": "arn:aws:ec2:eu-central-1:994168006738:route-table/rtb-020821b1b2a60ae3b",
            "id": "rtb-020821b1b2a60ae3b",
            "owner_id": "994168006738",
            "propagating_vgws": [],
            "route": [
              {
                "carrier_gateway_id": "",
                "cidr_block": "0.0.0.0/0",
                "core_network_arn": "",
                "destination_prefix_list_id": "",
                "egress_only_gateway_id": "",
                "gateway_id": "igw-06efa49241d7a07bb",
                "instance_id": "",
                "ipv6_cidr_block": "",
                "local_gateway_id": "",
                "nat_gateway_id": "",
                "network_interface_id": "",
                "transit_gateway_id": "",
                "vpc_endpoint_id": "",
                "vpc_peering_connection_id": ""
              }
            ],
            "tags": {
              "Name": "iooding-vpc-public"
            },
            "tags_all": {
              "Name": "iooding-vpc-public"
            },
            "timeouts": null,
            "vpc_id": "vpc-066835832eb67e3fc"
          },
          "sensitive_attributes": [],
          "private": "eyJlMmJmYjczMC1lY2FhLTExZTYtOGY4OC0zNDM2M2JjN2M0YzAiOnsiY3JlYXRlIjozMDAwMDAwMDAwMDAsImRlbGV0ZSI6MzAwMDAwMDAwMDAwLCJ1cGRhdGUiOjEyMDAwMDAwMDAwMH19",
          "dependencies": [
            "module.networking.module.vpc.aws_vpc.this",
            "module.networking.module.vpc.aws_vpc_ipv4_cidr_block_association.this"
          ]
        }
      ]
    },
    {
      "module": "module.networking.module.vpc",
      "mode": "managed",
      "type": "aws_route_table_association",
      "name": "private",
      "provider": "provider[\"registry.terraform.io/hashicorp/aws\"]",
      "instances": [
        {
          "index_key": 0,
          "schema_version": 0,
          "attributes": {
            "gateway_id": "",
            "id": "rtbassoc-03c45523bf6050fa7",
            "route_table_id": "rtb-0497ea656d71f85fd",
            "subnet_id": "subnet-090444ac99ca6e6f3"
          },
          "sensitive_attributes": [],
          "private": "bnVsbA==",
          "dependencies": [
            "module.networking.data.aws_availability_zones.available",
            "module.networking.module.vpc.aws_route_table.private",
            "module.networking.module.vpc.aws_subnet.private",
            "module.networking.module.vpc.aws_vpc.this",
            "module.networking.module.vpc.aws_vpc_ipv4_cidr_block_association.this"
          ]
        },
        {
          "index_key": 1,
          "schema_version": 0,
          "attributes": {
            "gateway_id": "",
            "id": "rtbassoc-0b6698a457b1061c4",
            "route_table_id": "rtb-0497ea656d71f85fd",
            "subnet_id": "subnet-0986bb8fdbd0bcfc3"
          },
          "sensitive_attributes": [],
          "private": "bnVsbA==",
          "dependencies": [
            "module.networking.data.aws_availability_zones.available",
            "module.networking.module.vpc.aws_route_table.private",
            "module.networking.module.vpc.aws_subnet.private",
            "module.networking.module.vpc.aws_vpc.this",
            "module.networking.module.vpc.aws_vpc_ipv4_cidr_block_association.this"
          ]
        }
      ]
    },
    {
      "module": "module.networking.module.vpc",
      "mode": "managed",
      "type": "aws_route_table_association",
      "name": "public",
      "provider": "provider[\"registry.terraform.io/hashicorp/aws\"]",
      "instances": [
        {
          "index_key": 0,
          "schema_version": 0,
          "attributes": {
            "gateway_id": "",
            "id": "rtbassoc-0166c6251872e4447",
            "route_table_id": "rtb-020821b1b2a60ae3b",
            "subnet_id": "subnet-0a895843a0608f85a"
          },
          "sensitive_attributes": [],
          "private": "bnVsbA==",
          "dependencies": [
            "module.networking.data.aws_availability_zones.available",
            "module.networking.module.vpc.aws_route_table.public",
            "module.networking.module.vpc.aws_subnet.public",
            "module.networking.module.vpc.aws_vpc.this",
            "module.networking.module.vpc.aws_vpc_ipv4_cidr_block_association.this"
          ]
        },
        {
          "index_key": 1,
          "schema_version": 0,
          "attributes": {
            "gateway_id": "",
            "id": "rtbassoc-0d3fab95f6bd3755a",
            "route_table_id": "rtb-020821b1b2a60ae3b",
            "subnet_id": "subnet-0ceb1c7b3736c40e0"
          },
          "sensitive_attributes": [],
          "private": "bnVsbA==",
          "dependencies": [
            "module.networking.data.aws_availability_zones.available",
            "module.networking.module.vpc.aws_route_table.public",
            "module.networking.module.vpc.aws_subnet.public",
            "module.networking.module.vpc.aws_vpc.this",
            "module.networking.module.vpc.aws_vpc_ipv4_cidr_block_association.this"
          ]
        }
      ]
    },
    {
      "module": "module.networking.module.vpc",
      "mode": "managed",
      "type": "aws_subnet",
      "name": "private",
      "provider": "provider[\"registry.terraform.io/hashicorp/aws\"]",
      "instances": [
        {
          "index_key": 0,
          "schema_version": 1,
          "attributes": {
            "arn": "arn:aws:ec2:eu-central-1:994168006738:subnet/subnet-090444ac99ca6e6f3",
            "assign_ipv6_address_on_creation": false,
            "availability_zone": "eu-central-1a",
            "availability_zone_id": "euc1-az2",
            "cidr_block": "10.0.1.0/24",
            "customer_owned_ipv4_pool": "",
            "enable_dns64": false,
            "enable_resource_name_dns_a_record_on_launch": false,
            "enable_resource_name_dns_aaaa_record_on_launch": false,
            "id": "subnet-090444ac99ca6e6f3",
            "ipv6_cidr_block": "",
            "ipv6_cidr_block_association_id": "",
            "ipv6_native": false,
            "map_customer_owned_ip_on_launch": false,
            "map_public_ip_on_launch": false,
            "outpost_arn": "",
            "owner_id": "994168006738",
            "private_dns_hostname_type_on_launch": "ip-name",
            "tags": {
              "Name": "iooding-vpc-private-eu-central-1a"
            },
            "tags_all": {
              "Name": "iooding-vpc-private-eu-central-1a"
            },
            "timeouts": null,
            "vpc_id": "vpc-066835832eb67e3fc"
          },
          "sensitive_attributes": [],
          "private": "eyJlMmJmYjczMC1lY2FhLTExZTYtOGY4OC0zNDM2M2JjN2M0YzAiOnsiY3JlYXRlIjo2MDAwMDAwMDAwMDAsImRlbGV0ZSI6MTIwMDAwMDAwMDAwMH0sInNjaGVtYV92ZXJzaW9uIjoiMSJ9",
          "dependencies": [
            "module.networking.data.aws_availability_zones.available",
            "module.networking.module.vpc.aws_vpc.this",
            "module.networking.module.vpc.aws_vpc_ipv4_cidr_block_association.this"
          ]
        },
        {
          "index_key": 1,
          "schema_version": 1,
          "attributes": {
            "arn": "arn:aws:ec2:eu-central-1:994168006738:subnet/subnet-0986bb8fdbd0bcfc3",
            "assign_ipv6_address_on_creation": false,
            "availability_zone": "eu-central-1b",
            "availability_zone_id": "euc1-az3",
            "cidr_block": "10.0.2.0/24",
            "customer_owned_ipv4_pool": "",
            "enable_dns64": false,
            "enable_resource_name_dns_a_record_on_launch": false,
            "enable_resource_name_dns_aaaa_record_on_launch": false,
            "id": "subnet-0986bb8fdbd0bcfc3",
            "ipv6_cidr_block": "",
            "ipv6_cidr_block_association_id": "",
            "ipv6_native": false,
            "map_customer_owned_ip_on_launch": false,
            "map_public_ip_on_launch": false,
            "outpost_arn": "",
            "owner_id": "994168006738",
            "private_dns_hostname_type_on_launch": "ip-name",
            "tags": {
              "Name": "iooding-vpc-private-eu-central-1b"
            },
            "tags_all": {
              "Name": "iooding-vpc-private-eu-central-1b"
            },
            "timeouts": null,
            "vpc_id": "vpc-066835832eb67e3fc"
          },
          "sensitive_attributes": [],
          "private": "eyJlMmJmYjczMC1lY2FhLTExZTYtOGY4OC0zNDM2M2JjN2M0YzAiOnsiY3JlYXRlIjo2MDAwMDAwMDAwMDAsImRlbGV0ZSI6MTIwMDAwMDAwMDAwMH0sInNjaGVtYV92ZXJzaW9uIjoiMSJ9",
          "dependencies": [
            "module.networking.data.aws_availability_zones.available",
            "module.networking.module.vpc.aws_vpc.this",
            "module.networking.module.vpc.aws_vpc_ipv4_cidr_block_association.this"
          ]
        }
      ]
    },
    {
      "module": "module.networking.module.vpc",
      "mode": "managed",
      "type": "aws_subnet",
      "name": "public",
      "provider": "provider[\"registry.terraform.io/hashicorp/aws\"]",
      "instances": [
        {
          "index_key": 0,
          "schema_version": 1,
          "attributes": {
            "arn": "arn:aws:ec2:eu-central-1:994168006738:subnet/subnet-0a895843a0608f85a",
            "assign_ipv6_address_on_creation": false,
            "availability_zone": "eu-central-1a",
            "availability_zone_id": "euc1-az2",
            "cidr_block": "10.0.101.0/24",
            "customer_owned_ipv4_pool": "",
            "enable_dns64": false,
            "enable_resource_name_dns_a_record_on_launch": false,
            "enable_resource_name_dns_aaaa_record_on_launch": false,
            "id": "subnet-0a895843a0608f85a",
            "ipv6_cidr_block": "",
            "ipv6_cidr_block_association_id": "",
            "ipv6_native": false,
            "map_customer_owned_ip_on_launch": false,
            "map_public_ip_on_launch": true,
            "outpost_arn": "",
            "owner_id": "994168006738",
            "private_dns_hostname_type_on_launch": "ip-name",
            "tags": {
              "Name": "iooding-vpc-public-eu-central-1a"
            },
            "tags_all": {
              "Name": "iooding-vpc-public-eu-central-1a"
            },
            "timeouts": null,
            "vpc_id": "vpc-066835832eb67e3fc"
          },
          "sensitive_attributes": [],
          "private": "eyJlMmJmYjczMC1lY2FhLTExZTYtOGY4OC0zNDM2M2JjN2M0YzAiOnsiY3JlYXRlIjo2MDAwMDAwMDAwMDAsImRlbGV0ZSI6MTIwMDAwMDAwMDAwMH0sInNjaGVtYV92ZXJzaW9uIjoiMSJ9",
          "dependencies": [
            "module.networking.data.aws_availability_zones.available",
            "module.networking.module.vpc.aws_vpc.this",
            "module.networking.module.vpc.aws_vpc_ipv4_cidr_block_association.this"
          ]
        },
        {
          "index_key": 1,
          "schema_version": 1,
          "attributes": {
            "arn": "arn:aws:ec2:eu-central-1:994168006738:subnet/subnet-0ceb1c7b3736c40e0",
            "assign_ipv6_address_on_creation": false,
            "availability_zone": "eu-central-1b",
            "availability_zone_id": "euc1-az3",
            "cidr_block": "10.0.102.0/24",
            "customer_owned_ipv4_pool": "",
            "enable_dns64": false,
            "enable_resource_name_dns_a_record_on_launch": false,
            "enable_resource_name_dns_aaaa_record_on_launch": false,
            "id": "subnet-0ceb1c7b3736c40e0",
            "ipv6_cidr_block": "",
            "ipv6_cidr_block_association_id": "",
            "ipv6_native": false,
            "map_customer_owned_ip_on_launch": false,
            "map_public_ip_on_launch": true,
            "outpost_arn": "",
            "owner_id": "994168006738",
            "private_dns_hostname_type_on_launch": "ip-name",
            "tags": {
              "Name": "iooding-vpc-public-eu-central-1b"
            },
            "tags_all": {
              "Name": "iooding-vpc-public-eu-central-1b"
            },
            "timeouts": null,
            "vpc_id": "vpc-066835832eb67e3fc"
          },
          "sensitive_attributes": [],
          "private": "eyJlMmJmYjczMC1lY2FhLTExZTYtOGY4OC0zNDM2M2JjN2M0YzAiOnsiY3JlYXRlIjo2MDAwMDAwMDAwMDAsImRlbGV0ZSI6MTIwMDAwMDAwMDAwMH0sInNjaGVtYV92ZXJzaW9uIjoiMSJ9",
          "dependencies": [
            "module.networking.data.aws_availability_zones.available",
            "module.networking.module.vpc.aws_vpc.this",
            "module.networking.module.vpc.aws_vpc_ipv4_cidr_block_association.this"
          ]
        }
      ]
    },
    {
      "module": "module.networking.module.vpc",
      "mode": "managed",
      "type": "aws_vpc",
      "name": "this",
      "provider": "provider[\"registry.terraform.io/hashicorp/aws\"]",
      "instances": [
        {
          "index_key": 0,
          "schema_version": 1,
          "attributes": {
            "arn": "arn:aws:ec2:eu-central-1:994168006738:vpc/vpc-066835832eb67e3fc",
            "assign_generated_ipv6_cidr_block": false,
            "cidr_block": "10.0.0.0/16",
            "default_network_acl_id": "acl-07a31697d0e50464d",
            "default_route_table_id": "rtb-03f1c285b502005db",
            "default_security_group_id": "sg-0df4500b37e8be5f4",
            "dhcp_options_id": "dopt-262d4f4c",
            "enable_classiclink": false,
            "enable_classiclink_dns_support": false,
            "enable_dns_hostnames": true,
            "enable_dns_support": true,
            "id": "vpc-066835832eb67e3fc",
            "instance_tenancy": "default",
            "ipv4_ipam_pool_id": null,
            "ipv4_netmask_length": null,
            "ipv6_association_id": "",
            "ipv6_cidr_block": "",
            "ipv6_cidr_block_network_border_group": "",
            "ipv6_ipam_pool_id": "",
            "ipv6_netmask_length": 0,
            "main_route_table_id": "rtb-03f1c285b502005db",
            "owner_id": "994168006738",
            "tags": {
              "Name": "iooding-vpc"
            },
            "tags_all": {
              "Name": "iooding-vpc"
            }
          },
          "sensitive_attributes": [],
          "private": "eyJzY2hlbWFfdmVyc2lvbiI6IjEifQ=="
        }
      ]
    },
    {
      "module": "module.rds",
      "mode": "data",
      "type": "aws_ssm_parameter",
      "name": "rds_password_data",
      "provider": "provider[\"registry.terraform.io/hashicorp/aws\"]",
      "instances": [
        {
          "schema_version": 0,
          "attributes": {
            "arn": "arn:aws:ssm:eu-central-1:994168006738:parameter/iooding-rds",
            "id": "iooding-rds",
            "name": "iooding-rds",
            "type": "SecureString",
            "value": "w84cJaURurl\u0026",
            "version": 1,
            "with_decryption": true
          },
          "sensitive_attributes": []
        }
      ]
    },
    {
      "module": "module.rds",
      "mode": "managed",
      "type": "aws_db_instance",
      "name": "rds",
      "provider": "provider[\"registry.terraform.io/hashicorp/aws\"]",
      "instances": [
        {
          "schema_version": 1,
          "attributes": {
            "address": "iooding-rds.ctyk4yjlo43b.eu-central-1.rds.amazonaws.com",
            "allocated_storage": 10,
            "allow_major_version_upgrade": null,
            "apply_immediately": null,
            "arn": "arn:aws:rds:eu-central-1:994168006738:db:iooding-rds",
            "auto_minor_version_upgrade": true,
            "availability_zone": "eu-central-1a",
            "backup_retention_period": 0,
            "backup_window": "21:10-21:40",
            "ca_cert_identifier": "rds-ca-2019",
            "character_set_name": "",
            "copy_tags_to_snapshot": false,
            "customer_owned_ip_enabled": false,
            "db_name": "",
            "db_subnet_group_name": "iooding-rds-sub-g",
            "delete_automated_backups": true,
            "deletion_protection": false,
            "domain": "",
            "domain_iam_role_name": "",
            "enabled_cloudwatch_logs_exports": [],
            "endpoint": "iooding-rds.ctyk4yjlo43b.eu-central-1.rds.amazonaws.com:5432",
            "engine": "postgres",
            "engine_version": "14.2",
            "engine_version_actual": "14.2",
            "final_snapshot_identifier": null,
            "hosted_zone_id": "Z1RLNUO7B9Q6NB",
            "iam_database_authentication_enabled": false,
            "id": "iooding-rds",
            "identifier": "iooding-rds",
            "identifier_prefix": "",
            "instance_class": "db.t3.micro",
            "iops": 0,
            "kms_key_id": "",
            "latest_restorable_time": "0001-01-01T00:00:00Z",
            "license_model": "postgresql-license",
            "maintenance_window": "sun:23:41-mon:00:11",
            "max_allocated_storage": 0,
            "monitoring_interval": 0,
            "monitoring_role_arn": "",
            "multi_az": false,
            "name": "",
            "nchar_character_set_name": "",
            "option_group_name": "default:postgres-14",
            "parameter_group_name": "default.postgres14",
            "password": "w84cJaURurl\u0026",
            "performance_insights_enabled": false,
            "performance_insights_kms_key_id": "",
            "performance_insights_retention_period": 0,
            "port": 5432,
            "publicly_accessible": false,
            "replica_mode": "",
            "replicas": [],
            "replicate_source_db": "",
            "resource_id": "db-HNITTXQJP7YK4TDWOPL66SYQDU",
            "restore_to_point_in_time": [],
            "s3_import": [],
            "security_group_names": [],
            "skip_final_snapshot": true,
            "snapshot_identifier": null,
            "status": "available",
            "storage_encrypted": false,
            "storage_type": "gp2",
            "tags": {},
            "tags_all": {},
            "timeouts": null,
            "timezone": "",
            "username": "postgres",
            "vpc_security_group_ids": [
              "sg-0761ab9174a34904e"
            ]
          },
          "sensitive_attributes": [
            [
              {
                "type": "get_attr",
                "value": "password"
              }
            ]
          ],
          "private": "eyJlMmJmYjczMC1lY2FhLTExZTYtOGY4OC0zNDM2M2JjN2M0YzAiOnsiY3JlYXRlIjoyNDAwMDAwMDAwMDAwLCJkZWxldGUiOjM2MDAwMDAwMDAwMDAsInVwZGF0ZSI6NDgwMDAwMDAwMDAwMH0sInNjaGVtYV92ZXJzaW9uIjoiMSJ9",
          "dependencies": [
            "module.networking.aws_db_subnet_group.rds-sub-g",
            "module.networking.aws_security_group.rds-sec-g",
            "module.networking.data.aws_availability_zones.available",
            "module.networking.module.vpc.aws_subnet.public",
            "module.networking.module.vpc.aws_vpc.this",
            "module.networking.module.vpc.aws_vpc_ipv4_cidr_block_association.this",
            "module.rds.aws_ssm_parameter.rds_password",
            "module.rds.data.aws_ssm_parameter.rds_password_data",
            "module.rds.random_string.rds_password"
          ]
        }
      ]
    },
    {
      "module": "module.rds",
      "mode": "managed",
      "type": "aws_ssm_parameter",
      "name": "rds_password",
      "provider": "provider[\"registry.terraform.io/hashicorp/aws\"]",
      "instances": [
        {
          "schema_version": 0,
          "attributes": {
            "allowed_pattern": "",
            "arn": "arn:aws:ssm:eu-central-1:994168006738:parameter/iooding-rds",
            "data_type": "text",
            "description": "",
            "id": "iooding-rds",
            "key_id": "alias/aws/ssm",
            "name": "iooding-rds",
            "overwrite": null,
            "tags": {},
            "tags_all": {},
            "tier": "Standard",
            "type": "SecureString",
            "value": "w84cJaURurl\u0026",
            "version": 1
          },
          "sensitive_attributes": [],
          "private": "bnVsbA==",
          "dependencies": [
            "module.rds.random_string.rds_password"
          ]
        }
      ]
    },
    {
      "module": "module.rds",
      "mode": "managed",
      "type": "random_string",
      "name": "rds_password",
      "provider": "provider[\"registry.terraform.io/hashicorp/random\"]",
      "instances": [
        {
          "schema_version": 1,
          "attributes": {
            "id": "w84cJaURurl\u0026",
            "keepers": null,
            "length": 12,
            "lower": true,
            "min_lower": 0,
            "min_numeric": 0,
            "min_special": 0,
            "min_upper": 0,
            "number": true,
            "override_special": "!#$\u0026",
            "result": "w84cJaURurl\u0026",
            "special": true,
            "upper": true
          },
          "sensitive_attributes": [],
          "private": "eyJzY2hlbWFfdmVyc2lvbiI6IjEifQ=="
        }
      ]
    },
    {
      "module": "module.ssh-key",
      "mode": "managed",
      "type": "aws_key_pair",
      "name": "key_pair",
      "provider": "provider[\"registry.terraform.io/hashicorp/aws\"]",
      "instances": [
        {
          "schema_version": 1,
          "attributes": {
            "arn": "arn:aws:ec2:eu-central-1:994168006738:key-pair/iooding-key",
            "fingerprint": "ac:78:d2:df:c0:9b:46:9b:5a:37:64:6d:af:ae:0e:0d",
            "id": "iooding-key",
            "key_name": "iooding-key",
            "key_name_prefix": "",
            "key_pair_id": "key-0efd469b4761d95db",
            "public_key": "ssh-rsa AAAAB3NzaC1yc2EAAAADAQABAAABAQDfN+7MUxcqucD+mNBqpdMIFCvnsTc8zYZZxybF/JqJB2/zbV4wx5AE8rEHDtSc+ht2OhVZKFrCs1jvFVDjCFOPcwO4LzW76Wx6zt/7nmswOi29tOr9FU2MTRi3qQLqhvn7Xox7Y8kovcM5+WGV7rzTTm6QUGYlxQ2u0F9wfQsDvPeZa6ShrRB80nKleM8oRnEXEmLJtKNgjJH6O3xi6+e0KMikdVt348CKI8T7AUgkWCucJdMhal0xE02IOYzyPdMVp1HILcnsVVub5yLz6nBdzS75PZdXGCTaiDzZ7n9VgoccF1VN8aSPIQSCWvBOTrQssR5Oc0w/3OTWsPlm7JC/",
            "tags": {},
            "tags_all": {}
          },
          "sensitive_attributes": [],
          "private": "eyJzY2hlbWFfdmVyc2lvbiI6IjEifQ==",
          "dependencies": [
            "module.ssh-key.tls_private_key.key"
          ]
        }
      ]
    },
    {
      "module": "module.ssh-key",
      "mode": "managed",
      "type": "local_sensitive_file",
      "name": "private_key",
      "provider": "provider[\"registry.terraform.io/hashicorp/local\"]",
      "instances": [
        {
          "schema_version": 0,
          "attributes": {
            "content": "-----BEGIN RSA PRIVATE KEY-----\nMIIEpQIBAAKCAQEA3zfuzFMXKrnA/pjQaqXTCBQr57E3PM2GWccmxfyaiQdv821e\nMMeQBPKxBw7UnPobdjoVWShawrNY7xVQ4whTj3MDuC81u+lses7f+55rMDotvbTq\n/RVNjE0Yt6kC6ob5+16Me2PJKL3DOflhle68005ukFBmJcUNrtBfcH0LA7z3mWuk\noa0QfNJypXjPKEZxFxJiybSjYIyR+jt8YuvntCjIpHVbd+PAiiPE+wFIJFgrnCXT\nIWpdMRNNiDmM8j3TFadRyC3J7FVbm+ci8+pwXc0u+T2XVxgk2og82e5/VYKHHBdV\nTfGkjyEEglrwTk60LLEeTnNMP9zk1rD5ZuyQvwIDAQABAoIBAQCCcjJoT6p7OoCR\niIZLvMp9ryQVS1gnfUglUR/UlhFNQP5oeKKRyR3d9mID6OPRNMw1pC3zo4SewaaY\nWZGii6whaapjyZsSTJArmJgGeIbVcTpn4cFt0zQ1aJyoP+nHWsfd4Vwhg6f72iGr\n0JP5xcGtjulIBuQa8HRVk8oid8CnFoCPWhNwUDHD2UyDe//8LgXrpSrC5bjmvefP\nKUNzPhITUSm3xTTwY12gjEf1hA0qeugznSC11QHGLloys/AXsLdpZqPuY9IMRXrH\n+buLuv4NJso0lFLEyE59ikj4dJ1VSY8v68w5IHSjSTqZRLUSaj6MXYH/DgHnxv7H\nEa9PXduZAoGBAP11kvUWDeP/IyNMen+Z3fiPbbWpK+9Ot+BxCxHz+sCSlmVppxf+\nAFHFOl1MbFkQRPLNc1hSGPlFSlh0aZ6PtYsnX4Y9T8zRDLyqxt5rjC+VqeEhFO0M\ns2OWh/dgYYXn8scf9wO93vB3kNBALh7UzflNPAGFIuKsqrxMSTjnjjbFAoGBAOF0\nwUdlQbNkZCSmbU5mEY/ChH0pFiuPk4FJ3mcTEfohVGCrivEYcYNRMB73I6NV7YSo\nIjD+9xNNEshFw0CmgXgTnkl665FzEHrBzFLM6xCbghxuk98b23qN0snRZdidm84e\nbFgiR54Yja9YeL/A/R/CxmWsocllJhilI6FXh4GzAoGBAMiLkhboN19yTcwtRDPY\nfECixAzb6U51e5pT941h/cMHeYaOfU7HhFsu8gpGYOhrrhJrq1tzwhzhzXyFx9hV\nHzEWm0etFYoa0rgpbCcq84XnJr5iHZue1AX1YmnC0gdQytDxotJMFq0v/d45GgT9\nHmimytbtD/hI5OMOfVVQKj99AoGBAIYHEp+O4m/yzlW7Wl+w7d+4k2qUckmTIO1L\nLJu6CoXYKoENeZu6HEEkkqbV5KnE+15RVYIrEFa5CuFkF57nXTA0+XRVTpU5AiL3\n8q+Ggnds+vxMADwyI1fH1/eCNDmB+I2gKGh8eHbTwebrgVz9LX0kHS10YvmG2A7u\nnS/dCQFhAoGAIJCOoZczpQymE0Lp8fN/dx/MlpxvYRE7OlXur7JdgQpWCyQDc5ci\nKCAFAaEHy64jnAudkGQmFAAmjZOcqJCvZiid+nfWQxS75iQq738TuygGTcDwixt5\n/hlQ2tdOjzEt07BkpkBf9tKF1ir9TDzfOfRpbQaL13Y7fRL7HuBOWbw=\n-----END RSA PRIVATE KEY-----\n",
            "content_base64": null,
            "directory_permission": "0700",
            "file_permission": "0400",
            "filename": "iooding-key.pem",
            "id": "fb335439a84f1d0232fed679f8639eac5d6fa1d0",
            "source": null
          },
          "sensitive_attributes": [
            [
              {
                "type": "get_attr",
                "value": "content"
              }
            ]
          ],
          "private": "bnVsbA==",
          "dependencies": [
            "module.ssh-key.tls_private_key.key"
          ]
        }
      ]
    },
    {
      "module": "module.ssh-key",
      "mode": "managed",
      "type": "tls_private_key",
      "name": "key",
      "provider": "provider[\"registry.terraform.io/hashicorp/tls\"]",
      "instances": [
        {
          "schema_version": 0,
          "attributes": {
            "algorithm": "RSA",
            "ecdsa_curve": "P224",
            "id": "d69db1ec8c82d2374e373927c7e686791c6c7d0e",
            "private_key_openssh": "-----BEGIN OPENSSH PRIVATE KEY-----\nb3BlbnNzaC1rZXktdjEAAAAABG5vbmUAAAAEbm9uZQAAAAAAAAABAAABFwAAAAdz\nc2gtcnNhAAAAAwEAAQAAAQEA3zfuzFMXKrnA/pjQaqXTCBQr57E3PM2GWccmxfya\niQdv821eMMeQBPKxBw7UnPobdjoVWShawrNY7xVQ4whTj3MDuC81u+lses7f+55r\nMDotvbTq/RVNjE0Yt6kC6ob5+16Me2PJKL3DOflhle68005ukFBmJcUNrtBfcH0L\nA7z3mWukoa0QfNJypXjPKEZxFxJiybSjYIyR+jt8YuvntCjIpHVbd+PAiiPE+wFI\nJFgrnCXTIWpdMRNNiDmM8j3TFadRyC3J7FVbm+ci8+pwXc0u+T2XVxgk2og82e5/\nVYKHHBdVTfGkjyEEglrwTk60LLEeTnNMP9zk1rD5ZuyQvwAAA7j7wckq+8HJKgAA\nAAdzc2gtcnNhAAABAQDfN+7MUxcqucD+mNBqpdMIFCvnsTc8zYZZxybF/JqJB2/z\nbV4wx5AE8rEHDtSc+ht2OhVZKFrCs1jvFVDjCFOPcwO4LzW76Wx6zt/7nmswOi29\ntOr9FU2MTRi3qQLqhvn7Xox7Y8kovcM5+WGV7rzTTm6QUGYlxQ2u0F9wfQsDvPeZ\na6ShrRB80nKleM8oRnEXEmLJtKNgjJH6O3xi6+e0KMikdVt348CKI8T7AUgkWCuc\nJdMhal0xE02IOYzyPdMVp1HILcnsVVub5yLz6nBdzS75PZdXGCTaiDzZ7n9Vgocc\nF1VN8aSPIQSCWvBOTrQssR5Oc0w/3OTWsPlm7JC/AAAAAwEAAQAAAQEAgnIyaE+q\nezqAkYiGS7zKfa8kFUtYJ31IJVEf1JYRTUD+aHiikckd3fZiA+jj0TTMNaQt86OE\nnsGmmFmRoousIWmqY8mbEkyQK5iYBniG1XE6Z+HBbdM0NWicqD/px1rH3eFcIYOn\n+9ohq9CT+cXBrY7pSAbkGvB0VZPKInfApxaAj1oTcFAxw9lMg3v//C4F66UqwuW4\n5r3nzylDcz4SE1Ept8U08GNdoIxH9YQNKnroM50gtdUBxi5aMrPwF7C3aWaj7mPS\nDEV6x/m7i7r+DSbKNJRSxMhOfYpI+HSdVUmPL+vMOSB0o0k6mUS1Emo+jF2B/w4B\n58b+xxGvT13bmQAAAIAgkI6hlzOlDKYTQunx8393H8yWnG9hETs6Ve6vsl2BClYL\nJANzlyIoIAUBoQfLriOcC52QZCYUACaNk5yokK9mKJ36d9ZDFLvmJCrvfxO7KAZN\nwPCLG3n+GVDa106PMS3TsGSmQF/20oXWKv1MPN859GltBovXdjt9Evse4E5ZvAAA\nAIEA/XWS9RYN4/8jI0x6f5nd+I9ttakr70634HELEfP6wJKWZWmnF/4AUcU6XUxs\nWRBE8s1zWFIY+UVKWHRpno+1iydfhj1PzNEMvKrG3muML5Wp4SEU7QyzY5aH92Bh\nhefyxx/3A73e8HeQ0EAuHtTN+U08AYUi4qyqvExJOOeONsUAAACBAOF0wUdlQbNk\nZCSmbU5mEY/ChH0pFiuPk4FJ3mcTEfohVGCrivEYcYNRMB73I6NV7YSoIjD+9xNN\nEshFw0CmgXgTnkl665FzEHrBzFLM6xCbghxuk98b23qN0snRZdidm84ebFgiR54Y\nja9YeL/A/R/CxmWsocllJhilI6FXh4GzAAAAAAEC\n-----END OPENSSH PRIVATE KEY-----\n",
            "private_key_pem": "-----BEGIN RSA PRIVATE KEY-----\nMIIEpQIBAAKCAQEA3zfuzFMXKrnA/pjQaqXTCBQr57E3PM2GWccmxfyaiQdv821e\nMMeQBPKxBw7UnPobdjoVWShawrNY7xVQ4whTj3MDuC81u+lses7f+55rMDotvbTq\n/RVNjE0Yt6kC6ob5+16Me2PJKL3DOflhle68005ukFBmJcUNrtBfcH0LA7z3mWuk\noa0QfNJypXjPKEZxFxJiybSjYIyR+jt8YuvntCjIpHVbd+PAiiPE+wFIJFgrnCXT\nIWpdMRNNiDmM8j3TFadRyC3J7FVbm+ci8+pwXc0u+T2XVxgk2og82e5/VYKHHBdV\nTfGkjyEEglrwTk60LLEeTnNMP9zk1rD5ZuyQvwIDAQABAoIBAQCCcjJoT6p7OoCR\niIZLvMp9ryQVS1gnfUglUR/UlhFNQP5oeKKRyR3d9mID6OPRNMw1pC3zo4SewaaY\nWZGii6whaapjyZsSTJArmJgGeIbVcTpn4cFt0zQ1aJyoP+nHWsfd4Vwhg6f72iGr\n0JP5xcGtjulIBuQa8HRVk8oid8CnFoCPWhNwUDHD2UyDe//8LgXrpSrC5bjmvefP\nKUNzPhITUSm3xTTwY12gjEf1hA0qeugznSC11QHGLloys/AXsLdpZqPuY9IMRXrH\n+buLuv4NJso0lFLEyE59ikj4dJ1VSY8v68w5IHSjSTqZRLUSaj6MXYH/DgHnxv7H\nEa9PXduZAoGBAP11kvUWDeP/IyNMen+Z3fiPbbWpK+9Ot+BxCxHz+sCSlmVppxf+\nAFHFOl1MbFkQRPLNc1hSGPlFSlh0aZ6PtYsnX4Y9T8zRDLyqxt5rjC+VqeEhFO0M\ns2OWh/dgYYXn8scf9wO93vB3kNBALh7UzflNPAGFIuKsqrxMSTjnjjbFAoGBAOF0\nwUdlQbNkZCSmbU5mEY/ChH0pFiuPk4FJ3mcTEfohVGCrivEYcYNRMB73I6NV7YSo\nIjD+9xNNEshFw0CmgXgTnkl665FzEHrBzFLM6xCbghxuk98b23qN0snRZdidm84e\nbFgiR54Yja9YeL/A/R/CxmWsocllJhilI6FXh4GzAoGBAMiLkhboN19yTcwtRDPY\nfECixAzb6U51e5pT941h/cMHeYaOfU7HhFsu8gpGYOhrrhJrq1tzwhzhzXyFx9hV\nHzEWm0etFYoa0rgpbCcq84XnJr5iHZue1AX1YmnC0gdQytDxotJMFq0v/d45GgT9\nHmimytbtD/hI5OMOfVVQKj99AoGBAIYHEp+O4m/yzlW7Wl+w7d+4k2qUckmTIO1L\nLJu6CoXYKoENeZu6HEEkkqbV5KnE+15RVYIrEFa5CuFkF57nXTA0+XRVTpU5AiL3\n8q+Ggnds+vxMADwyI1fH1/eCNDmB+I2gKGh8eHbTwebrgVz9LX0kHS10YvmG2A7u\nnS/dCQFhAoGAIJCOoZczpQymE0Lp8fN/dx/MlpxvYRE7OlXur7JdgQpWCyQDc5ci\nKCAFAaEHy64jnAudkGQmFAAmjZOcqJCvZiid+nfWQxS75iQq738TuygGTcDwixt5\n/hlQ2tdOjzEt07BkpkBf9tKF1ir9TDzfOfRpbQaL13Y7fRL7HuBOWbw=\n-----END RSA PRIVATE KEY-----\n",
            "public_key_fingerprint_md5": "dc:fd:c5:aa:d3:d2:63:0a:00:65:82:ef:23:51:27:ba",
            "public_key_fingerprint_sha256": "SHA256:J17Mkw1NnqUkBkDF6JfBfp5+NcCr6YmnqAytao1Jk2c",
            "public_key_openssh": "ssh-rsa AAAAB3NzaC1yc2EAAAADAQABAAABAQDfN+7MUxcqucD+mNBqpdMIFCvnsTc8zYZZxybF/JqJB2/zbV4wx5AE8rEHDtSc+ht2OhVZKFrCs1jvFVDjCFOPcwO4LzW76Wx6zt/7nmswOi29tOr9FU2MTRi3qQLqhvn7Xox7Y8kovcM5+WGV7rzTTm6QUGYlxQ2u0F9wfQsDvPeZa6ShrRB80nKleM8oRnEXEmLJtKNgjJH6O3xi6+e0KMikdVt348CKI8T7AUgkWCucJdMhal0xE02IOYzyPdMVp1HILcnsVVub5yLz6nBdzS75PZdXGCTaiDzZ7n9VgoccF1VN8aSPIQSCWvBOTrQssR5Oc0w/3OTWsPlm7JC/\n",
            "public_key_pem": "-----BEGIN PUBLIC KEY-----\nMIIBIjANBgkqhkiG9w0BAQEFAAOCAQ8AMIIBCgKCAQEA3zfuzFMXKrnA/pjQaqXT\nCBQr57E3PM2GWccmxfyaiQdv821eMMeQBPKxBw7UnPobdjoVWShawrNY7xVQ4whT\nj3MDuC81u+lses7f+55rMDotvbTq/RVNjE0Yt6kC6ob5+16Me2PJKL3DOflhle68\n005ukFBmJcUNrtBfcH0LA7z3mWukoa0QfNJypXjPKEZxFxJiybSjYIyR+jt8Yuvn\ntCjIpHVbd+PAiiPE+wFIJFgrnCXTIWpdMRNNiDmM8j3TFadRyC3J7FVbm+ci8+pw\nXc0u+T2XVxgk2og82e5/VYKHHBdVTfGkjyEEglrwTk60LLEeTnNMP9zk1rD5ZuyQ\nvwIDAQAB\n-----END PUBLIC KEY-----\n",
            "rsa_bits": 2048
          },
          "sensitive_attributes": [],
          "private": "bnVsbA=="
        }
      ]
    }
  ]
}
